# THIS IS AN AUTOGENERATED FILE. DO NOT EDIT THIS FILE DIRECTLY.
# yarn lockfile v1


"@vant/weapp@^1.10.19":
  version "1.10.19"
  resolved "https://registry.npmmirror.com/@vant/weapp/-/weapp-1.10.19.tgz#539bb7e4d82ff578ae25268d3d638244521c7add"
  integrity sha512-RStOPlSELi9lqim9dGagguViUVMNnfZaEceZ248JZgPjn5TzL2nwwHGWl9VI69SBPC+5MPS+LXm7Z4jcdscFeg==
